// !$*UTF8*$!
{
	archiveVersion = 1;
	classes = {
	};
	objectVersion = 55;
	objects = {

/* Begin PBXBuildFile section */
		38B507F33C9204D76C251E25 /* Pods_MarvelAPITests.framework in Frameworks */ = {isa = PBXBuildFile; fileRef = 5A9D4754555CF4E69AE29136 /* Pods_MarvelAPITests.framework */; };
		9043011AFC65D71F77924680 /* Pods_MarvelAPI.framework in Frameworks */ = {isa = PBXBuildFile; fileRef = 6E7A13825274363C74F6DE5A /* Pods_MarvelAPI.framework */; };
		EB6161B42709C2A70080880A /* Alamofire in Frameworks */ = {isa = PBXBuildFile; productRef = EB6161B32709C2A70080880A /* Alamofire */; };
		EB6161B62709C2BE0080880A /* AFWrapper.swift in Sources */ = {isa = PBXBuildFile; fileRef = EB6161B52709C2BE0080880A /* AFWrapper.swift */; };
		EB6161B92709C72B0080880A /* AFWrapper+Extensions.swift in Sources */ = {isa = PBXBuildFile; fileRef = EB6161B82709C72B0080880A /* AFWrapper+Extensions.swift */; };
		EB6161BE2709C82B0080880A /* Constants.swift in Sources */ = {isa = PBXBuildFile; fileRef = EB6161BD2709C82B0080880A /* Constants.swift */; };
		EB6161C02709C88E0080880A /* Configuration.swift in Sources */ = {isa = PBXBuildFile; fileRef = EB6161BF2709C88E0080880A /* Configuration.swift */; };
		EB6161C22709CB440080880A /* CharactersViewModel.swift in Sources */ = {isa = PBXBuildFile; fileRef = EB6161C12709CB440080880A /* CharactersViewModel.swift */; };
		EB6161C42709CCAE0080880A /* ApiGetCharactersProtocol.swift in Sources */ = {isa = PBXBuildFile; fileRef = EB6161C32709CCAE0080880A /* ApiGetCharactersProtocol.swift */; };
		EB6161C62709CDAE0080880A /* ApiCharacters.swift in Sources */ = {isa = PBXBuildFile; fileRef = EB6161C52709CDAE0080880A /* ApiCharacters.swift */; };
		EB6161C82709CDCF0080880A /* ApiCharacter.swift in Sources */ = {isa = PBXBuildFile; fileRef = EB6161C72709CDCF0080880A /* ApiCharacter.swift */; };
		EB6161CB2709CE570080880A /* ApiCharactersService.swift in Sources */ = {isa = PBXBuildFile; fileRef = EB6161CA2709CE570080880A /* ApiCharactersService.swift */; };
		EB6161D12709D3ED0080880A /* CharacterDetailViewController.swift in Sources */ = {isa = PBXBuildFile; fileRef = EB6161D02709D3ED0080880A /* CharacterDetailViewController.swift */; };
		EB6161D32709D43C0080880A /* CharacterTableViewCell.swift in Sources */ = {isa = PBXBuildFile; fileRef = EB6161D22709D43C0080880A /* CharacterTableViewCell.swift */; };
		EB6161D52709D5BC0080880A /* TableViewCell+Extensions.swift in Sources */ = {isa = PBXBuildFile; fileRef = EB6161D42709D5BC0080880A /* TableViewCell+Extensions.swift */; };
		EB6161D72709DB3F0080880A /* UIViewController+Extensions.swift in Sources */ = {isa = PBXBuildFile; fileRef = EB6161D62709DB3F0080880A /* UIViewController+Extensions.swift */; };
		EB6161D92709EF360080880A /* String+Extensions.swift in Sources */ = {isa = PBXBuildFile; fileRef = EB6161D82709EF360080880A /* String+Extensions.swift */; };
		EB648B57270AE5BD0031196B /* CharacterDetailViewModel.swift in Sources */ = {isa = PBXBuildFile; fileRef = EB648B56270AE5BD0031196B /* CharacterDetailViewModel.swift */; };
		EB648B59270AEAA60031196B /* UIImageView+Extensions.swift in Sources */ = {isa = PBXBuildFile; fileRef = EB648B58270AEAA60031196B /* UIImageView+Extensions.swift */; };
		EB648B5B270AEC2C0031196B /* ApiCharacterDetailService.swift in Sources */ = {isa = PBXBuildFile; fileRef = EB648B5A270AEC2C0031196B /* ApiCharacterDetailService.swift */; };
		EB648B5D270AECBA0031196B /* ApiCharacterDetailProtocol.swift in Sources */ = {isa = PBXBuildFile; fileRef = EB648B5C270AECBA0031196B /* ApiCharacterDetailProtocol.swift */; };
		EB99F79C270ADFE000EB1E2F /* UILocalizableLabel.swift in Sources */ = {isa = PBXBuildFile; fileRef = EB99F79B270ADFE000EB1E2F /* UILocalizableLabel.swift */; };
		EB9B9CB6270B6DE90084901E /* CharactersVMTests.swift in Sources */ = {isa = PBXBuildFile; fileRef = EB9B9CB5270B6DE90084901E /* CharactersVMTests.swift */; };
		EB9B9CB9270B79F50084901E /* MockApiServices.swift in Sources */ = {isa = PBXBuildFile; fileRef = EB9B9CB8270B79F50084901E /* MockApiServices.swift */; };
		EB9B9CBA270B7BE40084901E /* Localizable.strings in Resources */ = {isa = PBXBuildFile; fileRef = EB9B9CBC270B7BE40084901E /* Localizable.strings */; };
		EBAC28242709BA85002253C8 /* AppDelegate.swift in Sources */ = {isa = PBXBuildFile; fileRef = EBAC28232709BA85002253C8 /* AppDelegate.swift */; };
		EBAC28262709BA85002253C8 /* SceneDelegate.swift in Sources */ = {isa = PBXBuildFile; fileRef = EBAC28252709BA85002253C8 /* SceneDelegate.swift */; };
		EBAC28282709BA85002253C8 /* CharactersTableViewController.swift in Sources */ = {isa = PBXBuildFile; fileRef = EBAC28272709BA85002253C8 /* CharactersTableViewController.swift */; };
		EBAC282B2709BA85002253C8 /* Main.storyboard in Resources */ = {isa = PBXBuildFile; fileRef = EBAC28292709BA85002253C8 /* Main.storyboard */; };
		EBAC282D2709BA86002253C8 /* Assets.xcassets in Resources */ = {isa = PBXBuildFile; fileRef = EBAC282C2709BA86002253C8 /* Assets.xcassets */; };
		EBAC28302709BA86002253C8 /* LaunchScreen.storyboard in Resources */ = {isa = PBXBuildFile; fileRef = EBAC282E2709BA86002253C8 /* LaunchScreen.storyboard */; };
		EBAC283B2709BA86002253C8 /* CharactersTVCTests.swift in Sources */ = {isa = PBXBuildFile; fileRef = EBAC283A2709BA86002253C8 /* CharactersTVCTests.swift */; };
		EBAC28452709BA86002253C8 /* MarvelAPIUITests.swift in Sources */ = {isa = PBXBuildFile; fileRef = EBAC28442709BA86002253C8 /* MarvelAPIUITests.swift */; };
		EBAC28472709BA86002253C8 /* MarvelAPIUITestsLaunchTests.swift in Sources */ = {isa = PBXBuildFile; fileRef = EBAC28462709BA86002253C8 /* MarvelAPIUITestsLaunchTests.swift */; };
/* End PBXBuildFile section */

/* Begin PBXContainerItemProxy section */
		EBAC28372709BA86002253C8 /* PBXContainerItemProxy */ = {
			isa = PBXContainerItemProxy;
			containerPortal = EBAC28182709BA85002253C8 /* Project object */;
			proxyType = 1;
			remoteGlobalIDString = EBAC281F2709BA85002253C8;
			remoteInfo = MarvelAPI;
		};
		EBAC28412709BA86002253C8 /* PBXContainerItemProxy */ = {
			isa = PBXContainerItemProxy;
			containerPortal = EBAC28182709BA85002253C8 /* Project object */;
			proxyType = 1;
			remoteGlobalIDString = EBAC281F2709BA85002253C8;
			remoteInfo = MarvelAPI;
		};
/* End PBXContainerItemProxy section */

/* Begin PBXFileReference section */
		3FC59845349462885473F3B0 /* Pods-MarvelAPITests.debug.xcconfig */ = {isa = PBXFileReference; includeInIndex = 1; lastKnownFileType = text.xcconfig; name = "Pods-MarvelAPITests.debug.xcconfig"; path = "Target Support Files/Pods-MarvelAPITests/Pods-MarvelAPITests.debug.xcconfig"; sourceTree = "<group>"; };
		5A9D4754555CF4E69AE29136 /* Pods_MarvelAPITests.framework */ = {isa = PBXFileReference; explicitFileType = wrapper.framework; includeInIndex = 0; path = Pods_MarvelAPITests.framework; sourceTree = BUILT_PRODUCTS_DIR; };
		6E7A13825274363C74F6DE5A /* Pods_MarvelAPI.framework */ = {isa = PBXFileReference; explicitFileType = wrapper.framework; includeInIndex = 0; path = Pods_MarvelAPI.framework; sourceTree = BUILT_PRODUCTS_DIR; };
		93E369E94685C0E1E018BBE2 /* Pods-MarvelAPI.debug.xcconfig */ = {isa = PBXFileReference; includeInIndex = 1; lastKnownFileType = text.xcconfig; name = "Pods-MarvelAPI.debug.xcconfig"; path = "Target Support Files/Pods-MarvelAPI/Pods-MarvelAPI.debug.xcconfig"; sourceTree = "<group>"; };
		B2AA2123F2DE7815638540BE /* Pods-MarvelAPITests.release.xcconfig */ = {isa = PBXFileReference; includeInIndex = 1; lastKnownFileType = text.xcconfig; name = "Pods-MarvelAPITests.release.xcconfig"; path = "Target Support Files/Pods-MarvelAPITests/Pods-MarvelAPITests.release.xcconfig"; sourceTree = "<group>"; };
		DA28F64B6BD015ADE80ADD44 /* Pods-MarvelAPI.release.xcconfig */ = {isa = PBXFileReference; includeInIndex = 1; lastKnownFileType = text.xcconfig; name = "Pods-MarvelAPI.release.xcconfig"; path = "Target Support Files/Pods-MarvelAPI/Pods-MarvelAPI.release.xcconfig"; sourceTree = "<group>"; };
		EB6161B52709C2BE0080880A /* AFWrapper.swift */ = {isa = PBXFileReference; lastKnownFileType = sourcecode.swift; path = AFWrapper.swift; sourceTree = "<group>"; };
		EB6161B82709C72B0080880A /* AFWrapper+Extensions.swift */ = {isa = PBXFileReference; lastKnownFileType = sourcecode.swift; path = "AFWrapper+Extensions.swift"; sourceTree = "<group>"; };
		EB6161BD2709C82B0080880A /* Constants.swift */ = {isa = PBXFileReference; lastKnownFileType = sourcecode.swift; path = Constants.swift; sourceTree = "<group>"; };
		EB6161BF2709C88E0080880A /* Configuration.swift */ = {isa = PBXFileReference; lastKnownFileType = sourcecode.swift; path = Configuration.swift; sourceTree = "<group>"; };
		EB6161C12709CB440080880A /* CharactersViewModel.swift */ = {isa = PBXFileReference; lastKnownFileType = sourcecode.swift; path = CharactersViewModel.swift; sourceTree = "<group>"; };
		EB6161C32709CCAE0080880A /* ApiGetCharactersProtocol.swift */ = {isa = PBXFileReference; lastKnownFileType = sourcecode.swift; path = ApiGetCharactersProtocol.swift; sourceTree = "<group>"; };
		EB6161C52709CDAE0080880A /* ApiCharacters.swift */ = {isa = PBXFileReference; lastKnownFileType = sourcecode.swift; path = ApiCharacters.swift; sourceTree = "<group>"; };
		EB6161C72709CDCF0080880A /* ApiCharacter.swift */ = {isa = PBXFileReference; lastKnownFileType = sourcecode.swift; path = ApiCharacter.swift; sourceTree = "<group>"; };
		EB6161CA2709CE570080880A /* ApiCharactersService.swift */ = {isa = PBXFileReference; lastKnownFileType = sourcecode.swift; path = ApiCharactersService.swift; sourceTree = "<group>"; };
		EB6161D02709D3ED0080880A /* CharacterDetailViewController.swift */ = {isa = PBXFileReference; lastKnownFileType = sourcecode.swift; path = CharacterDetailViewController.swift; sourceTree = "<group>"; };
		EB6161D22709D43C0080880A /* CharacterTableViewCell.swift */ = {isa = PBXFileReference; lastKnownFileType = sourcecode.swift; path = CharacterTableViewCell.swift; sourceTree = "<group>"; };
		EB6161D42709D5BC0080880A /* TableViewCell+Extensions.swift */ = {isa = PBXFileReference; lastKnownFileType = sourcecode.swift; path = "TableViewCell+Extensions.swift"; sourceTree = "<group>"; };
		EB6161D62709DB3F0080880A /* UIViewController+Extensions.swift */ = {isa = PBXFileReference; lastKnownFileType = sourcecode.swift; path = "UIViewController+Extensions.swift"; sourceTree = "<group>"; };
		EB6161D82709EF360080880A /* String+Extensions.swift */ = {isa = PBXFileReference; lastKnownFileType = sourcecode.swift; path = "String+Extensions.swift"; sourceTree = "<group>"; };
		EB648B56270AE5BD0031196B /* CharacterDetailViewModel.swift */ = {isa = PBXFileReference; lastKnownFileType = sourcecode.swift; path = CharacterDetailViewModel.swift; sourceTree = "<group>"; };
		EB648B58270AEAA60031196B /* UIImageView+Extensions.swift */ = {isa = PBXFileReference; lastKnownFileType = sourcecode.swift; path = "UIImageView+Extensions.swift"; sourceTree = "<group>"; };
		EB648B5A270AEC2C0031196B /* ApiCharacterDetailService.swift */ = {isa = PBXFileReference; lastKnownFileType = sourcecode.swift; path = ApiCharacterDetailService.swift; sourceTree = "<group>"; };
		EB648B5C270AECBA0031196B /* ApiCharacterDetailProtocol.swift */ = {isa = PBXFileReference; lastKnownFileType = sourcecode.swift; path = ApiCharacterDetailProtocol.swift; sourceTree = "<group>"; };
		EB99F79B270ADFE000EB1E2F /* UILocalizableLabel.swift */ = {isa = PBXFileReference; lastKnownFileType = sourcecode.swift; path = UILocalizableLabel.swift; sourceTree = "<group>"; };
		EB9B9CB5270B6DE90084901E /* CharactersVMTests.swift */ = {isa = PBXFileReference; lastKnownFileType = sourcecode.swift; path = CharactersVMTests.swift; sourceTree = "<group>"; };
		EB9B9CB8270B79F50084901E /* MockApiServices.swift */ = {isa = PBXFileReference; lastKnownFileType = sourcecode.swift; path = MockApiServices.swift; sourceTree = "<group>"; };
		EB9B9CBB270B7BE40084901E /* en */ = {isa = PBXFileReference; lastKnownFileType = text.plist.strings; name = en; path = en.lproj/Localizable.strings; sourceTree = "<group>"; };
		EBAC28202709BA85002253C8 /* MarvelAPI.app */ = {isa = PBXFileReference; explicitFileType = wrapper.application; includeInIndex = 0; path = MarvelAPI.app; sourceTree = BUILT_PRODUCTS_DIR; };
		EBAC28232709BA85002253C8 /* AppDelegate.swift */ = {isa = PBXFileReference; lastKnownFileType = sourcecode.swift; path = AppDelegate.swift; sourceTree = "<group>"; };
		EBAC28252709BA85002253C8 /* SceneDelegate.swift */ = {isa = PBXFileReference; lastKnownFileType = sourcecode.swift; path = SceneDelegate.swift; sourceTree = "<group>"; };
		EBAC28272709BA85002253C8 /* CharactersTableViewController.swift */ = {isa = PBXFileReference; lastKnownFileType = sourcecode.swift; path = CharactersTableViewController.swift; sourceTree = "<group>"; };
		EBAC282A2709BA85002253C8 /* Base */ = {isa = PBXFileReference; lastKnownFileType = file.storyboard; name = Base; path = Base.lproj/Main.storyboard; sourceTree = "<group>"; };
		EBAC282C2709BA86002253C8 /* Assets.xcassets */ = {isa = PBXFileReference; lastKnownFileType = folder.assetcatalog; path = Assets.xcassets; sourceTree = "<group>"; };
		EBAC282F2709BA86002253C8 /* Base */ = {isa = PBXFileReference; lastKnownFileType = file.storyboard; name = Base; path = Base.lproj/LaunchScreen.storyboard; sourceTree = "<group>"; };
		EBAC28312709BA86002253C8 /* Info.plist */ = {isa = PBXFileReference; lastKnownFileType = text.plist.xml; path = Info.plist; sourceTree = "<group>"; };
		EBAC28362709BA86002253C8 /* MarvelAPITests.xctest */ = {isa = PBXFileReference; explicitFileType = wrapper.cfbundle; includeInIndex = 0; path = MarvelAPITests.xctest; sourceTree = BUILT_PRODUCTS_DIR; };
		EBAC283A2709BA86002253C8 /* CharactersTVCTests.swift */ = {isa = PBXFileReference; lastKnownFileType = sourcecode.swift; path = CharactersTVCTests.swift; sourceTree = "<group>"; };
		EBAC28402709BA86002253C8 /* MarvelAPIUITests.xctest */ = {isa = PBXFileReference; explicitFileType = wrapper.cfbundle; includeInIndex = 0; path = MarvelAPIUITests.xctest; sourceTree = BUILT_PRODUCTS_DIR; };
		EBAC28442709BA86002253C8 /* MarvelAPIUITests.swift */ = {isa = PBXFileReference; lastKnownFileType = sourcecode.swift; path = MarvelAPIUITests.swift; sourceTree = "<group>"; };
		EBAC28462709BA86002253C8 /* MarvelAPIUITestsLaunchTests.swift */ = {isa = PBXFileReference; lastKnownFileType = sourcecode.swift; path = MarvelAPIUITestsLaunchTests.swift; sourceTree = "<group>"; };
/* End PBXFileReference section */

/* Begin PBXFrameworksBuildPhase section */
		EBAC281D2709BA85002253C8 /* Frameworks */ = {
			isa = PBXFrameworksBuildPhase;
			buildActionMask = 2147483647;
			files = (
				EB6161B42709C2A70080880A /* Alamofire in Frameworks */,
				9043011AFC65D71F77924680 /* Pods_MarvelAPI.framework in Frameworks */,
			);
			runOnlyForDeploymentPostprocessing = 0;
		};
		EBAC28332709BA86002253C8 /* Frameworks */ = {
			isa = PBXFrameworksBuildPhase;
			buildActionMask = 2147483647;
			files = (
				38B507F33C9204D76C251E25 /* Pods_MarvelAPITests.framework in Frameworks */,
			);
			runOnlyForDeploymentPostprocessing = 0;
		};
		EBAC283D2709BA86002253C8 /* Frameworks */ = {
			isa = PBXFrameworksBuildPhase;
			buildActionMask = 2147483647;
			files = (
			);
			runOnlyForDeploymentPostprocessing = 0;
		};
/* End PBXFrameworksBuildPhase section */

/* Begin PBXGroup section */
		BCFB3E5F3CE5FE88AD1A680D /* Pods */ = {
			isa = PBXGroup;
			children = (
				93E369E94685C0E1E018BBE2 /* Pods-MarvelAPI.debug.xcconfig */,
				DA28F64B6BD015ADE80ADD44 /* Pods-MarvelAPI.release.xcconfig */,
				3FC59845349462885473F3B0 /* Pods-MarvelAPITests.debug.xcconfig */,
				B2AA2123F2DE7815638540BE /* Pods-MarvelAPITests.release.xcconfig */,
			);
			path = Pods;
			sourceTree = "<group>";
		};
		EB6161482709BC060080880A /* Views */ = {
			isa = PBXGroup;
			children = (
				EBAC28292709BA85002253C8 /* Main.storyboard */,
			);
			path = Views;
			sourceTree = "<group>";
		};
		EB6161492709BC520080880A /* ViewModel */ = {
			isa = PBXGroup;
			children = (
				EB6161C12709CB440080880A /* CharactersViewModel.swift */,
				EB648B56270AE5BD0031196B /* CharacterDetailViewModel.swift */,
			);
			path = ViewModel;
			sourceTree = "<group>";
		};
		EB61614A2709BC670080880A /* Controllers */ = {
			isa = PBXGroup;
			children = (
				EBAC28272709BA85002253C8 /* CharactersTableViewController.swift */,
				EB6161D02709D3ED0080880A /* CharacterDetailViewController.swift */,
			);
			path = Controllers;
			sourceTree = "<group>";
		};
		EB61614B2709BC810080880A /* Extensions */ = {
			isa = PBXGroup;
			children = (
				EB6161B82709C72B0080880A /* AFWrapper+Extensions.swift */,
				EB6161D42709D5BC0080880A /* TableViewCell+Extensions.swift */,
				EB6161D62709DB3F0080880A /* UIViewController+Extensions.swift */,
				EB6161D82709EF360080880A /* String+Extensions.swift */,
				EB648B58270AEAA60031196B /* UIImageView+Extensions.swift */,
			);
			path = Extensions;
			sourceTree = "<group>";
		};
		EB61614C2709BC8D0080880A /* Data */ = {
			isa = PBXGroup;
			children = (
				EB6161BC2709C7E60080880A /* Models */,
				EB61614D2709BC9F0080880A /* API */,
			);
			path = Data;
			sourceTree = "<group>";
		};
		EB61614D2709BC9F0080880A /* API */ = {
			isa = PBXGroup;
			children = (
				EB6161B52709C2BE0080880A /* AFWrapper.swift */,
				EB6161CC2709CE610080880A /* ApiServices */,
				EB6161C92709CE3A0080880A /* ApiProtocols */,
			);
			path = API;
			sourceTree = "<group>";
		};
		EB6161B72709C5760080880A /* Utils */ = {
			isa = PBXGroup;
			children = (
				EB6161BF2709C88E0080880A /* Configuration.swift */,
				EB6161BD2709C82B0080880A /* Constants.swift */,
				EB61614B2709BC810080880A /* Extensions */,
				EB6161CD2709D2600080880A /* Custom */,
			);
			path = Utils;
			sourceTree = "<group>";
		};
		EB6161BC2709C7E60080880A /* Models */ = {
			isa = PBXGroup;
			children = (
				EB6161C52709CDAE0080880A /* ApiCharacters.swift */,
				EB6161C72709CDCF0080880A /* ApiCharacter.swift */,
			);
			path = Models;
			sourceTree = "<group>";
		};
		EB6161C92709CE3A0080880A /* ApiProtocols */ = {
			isa = PBXGroup;
			children = (
				EB6161C32709CCAE0080880A /* ApiGetCharactersProtocol.swift */,
				EB648B5C270AECBA0031196B /* ApiCharacterDetailProtocol.swift */,
			);
			path = ApiProtocols;
			sourceTree = "<group>";
		};
		EB6161CC2709CE610080880A /* ApiServices */ = {
			isa = PBXGroup;
			children = (
				EB6161CA2709CE570080880A /* ApiCharactersService.swift */,
				EB648B5A270AEC2C0031196B /* ApiCharacterDetailService.swift */,
			);
			path = ApiServices;
			sourceTree = "<group>";
		};
		EB6161CD2709D2600080880A /* Custom */ = {
			isa = PBXGroup;
			children = (
				EB6161CF2709D29C0080880A /* Localizable */,
				EB6161CE2709D2730080880A /* TableViewCells */,
			);
			path = Custom;
			sourceTree = "<group>";
		};
		EB6161CE2709D2730080880A /* TableViewCells */ = {
			isa = PBXGroup;
			children = (
				EB6161D22709D43C0080880A /* CharacterTableViewCell.swift */,
			);
			path = TableViewCells;
			sourceTree = "<group>";
		};
		EB6161CF2709D29C0080880A /* Localizable */ = {
			isa = PBXGroup;
			children = (
				EB99F79B270ADFE000EB1E2F /* UILocalizableLabel.swift */,
			);
			path = Localizable;
			sourceTree = "<group>";
		};
		EB9B9CB7270B70060084901E /* Mocks */ = {
			isa = PBXGroup;
			children = (
				EB9B9CB8270B79F50084901E /* MockApiServices.swift */,
			);
			path = Mocks;
			sourceTree = "<group>";
		};
		EBAC28172709BA85002253C8 = {
			isa = PBXGroup;
			children = (
				EBAC28222709BA85002253C8 /* MarvelAPI */,
				EBAC28392709BA86002253C8 /* MarvelAPITests */,
				EBAC28432709BA86002253C8 /* MarvelAPIUITests */,
				EBAC28212709BA85002253C8 /* Products */,
				BCFB3E5F3CE5FE88AD1A680D /* Pods */,
				ECADA78DC184A7B168CC3F3D /* Frameworks */,
			);
			sourceTree = "<group>";
		};
		EBAC28212709BA85002253C8 /* Products */ = {
			isa = PBXGroup;
			children = (
				EBAC28202709BA85002253C8 /* MarvelAPI.app */,
				EBAC28362709BA86002253C8 /* MarvelAPITests.xctest */,
				EBAC28402709BA86002253C8 /* MarvelAPIUITests.xctest */,
			);
			name = Products;
			sourceTree = "<group>";
		};
		EBAC28222709BA85002253C8 /* MarvelAPI */ = {
			isa = PBXGroup;
			children = (
				EBAC28232709BA85002253C8 /* AppDelegate.swift */,
				EBAC28252709BA85002253C8 /* SceneDelegate.swift */,
				EB6161482709BC060080880A /* Views */,
				EB61614A2709BC670080880A /* Controllers */,
				EB6161492709BC520080880A /* ViewModel */,
				EB61614C2709BC8D0080880A /* Data */,
				EB6161B72709C5760080880A /* Utils */,
				EBAC282C2709BA86002253C8 /* Assets.xcassets */,
				EB9B9CBC270B7BE40084901E /* Localizable.strings */,
				EBAC282E2709BA86002253C8 /* LaunchScreen.storyboard */,
				EBAC28312709BA86002253C8 /* Info.plist */,
			);
			path = MarvelAPI;
			sourceTree = "<group>";
		};
		EBAC28392709BA86002253C8 /* MarvelAPITests */ = {
			isa = PBXGroup;
			children = (
				EB9B9CB7270B70060084901E /* Mocks */,
				EBAC283A2709BA86002253C8 /* CharactersTVCTests.swift */,
				EB9B9CB5270B6DE90084901E /* CharactersVMTests.swift */,
			);
			path = MarvelAPITests;
			sourceTree = "<group>";
		};
		EBAC28432709BA86002253C8 /* MarvelAPIUITests */ = {
			isa = PBXGroup;
			children = (
				EBAC28442709BA86002253C8 /* MarvelAPIUITests.swift */,
				EBAC28462709BA86002253C8 /* MarvelAPIUITestsLaunchTests.swift */,
			);
			path = MarvelAPIUITests;
			sourceTree = "<group>";
		};
		ECADA78DC184A7B168CC3F3D /* Frameworks */ = {
			isa = PBXGroup;
			children = (
				6E7A13825274363C74F6DE5A /* Pods_MarvelAPI.framework */,
				5A9D4754555CF4E69AE29136 /* Pods_MarvelAPITests.framework */,
			);
			name = Frameworks;
			sourceTree = "<group>";
		};
/* End PBXGroup section */

/* Begin PBXNativeTarget section */
		EBAC281F2709BA85002253C8 /* MarvelAPI */ = {
			isa = PBXNativeTarget;
			buildConfigurationList = EBAC284A2709BA86002253C8 /* Build configuration list for PBXNativeTarget "MarvelAPI" */;
			buildPhases = (
				9ED35A5682AF31103A466EC5 /* [CP] Check Pods Manifest.lock */,
				EBAC281C2709BA85002253C8 /* Sources */,
				EBAC281D2709BA85002253C8 /* Frameworks */,
				EBAC281E2709BA85002253C8 /* Resources */,
				CE37EEC97088138AF667E85E /* [CP] Embed Pods Frameworks */,
			);
			buildRules = (
			);
			dependencies = (
			);
			name = MarvelAPI;
			packageProductDependencies = (
				EB6161B32709C2A70080880A /* Alamofire */,
			);
			productName = MarvelAPI;
			productReference = EBAC28202709BA85002253C8 /* MarvelAPI.app */;
			productType = "com.apple.product-type.application";
		};
		EBAC28352709BA86002253C8 /* MarvelAPITests */ = {
			isa = PBXNativeTarget;
			buildConfigurationList = EBAC284D2709BA86002253C8 /* Build configuration list for PBXNativeTarget "MarvelAPITests" */;
			buildPhases = (
				A69C2F9A558E77319828F6FE /* [CP] Check Pods Manifest.lock */,
				EBAC28322709BA86002253C8 /* Sources */,
				EBAC28332709BA86002253C8 /* Frameworks */,
				EBAC28342709BA86002253C8 /* Resources */,
				19C632E84AEA530E13D3438C /* [CP] Embed Pods Frameworks */,
			);
			buildRules = (
			);
			dependencies = (
				EBAC28382709BA86002253C8 /* PBXTargetDependency */,
			);
			name = MarvelAPITests;
			productName = MarvelAPITests;
			productReference = EBAC28362709BA86002253C8 /* MarvelAPITests.xctest */;
			productType = "com.apple.product-type.bundle.unit-test";
		};
		EBAC283F2709BA86002253C8 /* MarvelAPIUITests */ = {
			isa = PBXNativeTarget;
			buildConfigurationList = EBAC28502709BA86002253C8 /* Build configuration list for PBXNativeTarget "MarvelAPIUITests" */;
			buildPhases = (
				EBAC283C2709BA86002253C8 /* Sources */,
				EBAC283D2709BA86002253C8 /* Frameworks */,
				EBAC283E2709BA86002253C8 /* Resources */,
			);
			buildRules = (
			);
			dependencies = (
				EBAC28422709BA86002253C8 /* PBXTargetDependency */,
			);
			name = MarvelAPIUITests;
			productName = MarvelAPIUITests;
			productReference = EBAC28402709BA86002253C8 /* MarvelAPIUITests.xctest */;
			productType = "com.apple.product-type.bundle.ui-testing";
		};
/* End PBXNativeTarget section */

/* Begin PBXProject section */
		EBAC28182709BA85002253C8 /* Project object */ = {
			isa = PBXProject;
			attributes = {
				BuildIndependentTargetsInParallel = 1;
				LastSwiftUpdateCheck = 1300;
				LastUpgradeCheck = 1300;
				TargetAttributes = {
					EBAC281F2709BA85002253C8 = {
						CreatedOnToolsVersion = 13.0;
					};
					EBAC28352709BA86002253C8 = {
						CreatedOnToolsVersion = 13.0;
						TestTargetID = EBAC281F2709BA85002253C8;
					};
					EBAC283F2709BA86002253C8 = {
						CreatedOnToolsVersion = 13.0;
						TestTargetID = EBAC281F2709BA85002253C8;
					};
				};
			};
			buildConfigurationList = EBAC281B2709BA85002253C8 /* Build configuration list for PBXProject "MarvelAPI" */;
			compatibilityVersion = "Xcode 13.0";
			developmentRegion = en;
			hasScannedForEncodings = 0;
			knownRegions = (
				en,
				Base,
			);
			mainGroup = EBAC28172709BA85002253C8;
			packageReferences = (
				EB6161B22709C2A70080880A /* XCRemoteSwiftPackageReference "Alamofire" */,
			);
			productRefGroup = EBAC28212709BA85002253C8 /* Products */;
			projectDirPath = "";
			projectRoot = "";
			targets = (
				EBAC281F2709BA85002253C8 /* MarvelAPI */,
				EBAC28352709BA86002253C8 /* MarvelAPITests */,
				EBAC283F2709BA86002253C8 /* MarvelAPIUITests */,
			);
		};
/* End PBXProject section */

/* Begin PBXResourcesBuildPhase section */
		EBAC281E2709BA85002253C8 /* Resources */ = {
			isa = PBXResourcesBuildPhase;
			buildActionMask = 2147483647;
			files = (
				EBAC28302709BA86002253C8 /* LaunchScreen.storyboard in Resources */,
				EB9B9CBA270B7BE40084901E /* Localizable.strings in Resources */,
				EBAC282D2709BA86002253C8 /* Assets.xcassets in Resources */,
				EBAC282B2709BA85002253C8 /* Main.storyboard in Resources */,
			);
			runOnlyForDeploymentPostprocessing = 0;
		};
		EBAC28342709BA86002253C8 /* Resources */ = {
			isa = PBXResourcesBuildPhase;
			buildActionMask = 2147483647;
			files = (
			);
			runOnlyForDeploymentPostprocessing = 0;
		};
		EBAC283E2709BA86002253C8 /* Resources */ = {
			isa = PBXResourcesBuildPhase;
			buildActionMask = 2147483647;
			files = (
			);
			runOnlyForDeploymentPostprocessing = 0;
		};
/* End PBXResourcesBuildPhase section */

/* Begin PBXShellScriptBuildPhase section */
		19C632E84AEA530E13D3438C /* [CP] Embed Pods Frameworks */ = {
			isa = PBXShellScriptBuildPhase;
			buildActionMask = 2147483647;
			files = (
			);
			inputFileListPaths = (
				"${PODS_ROOT}/Target Support Files/Pods-MarvelAPITests/Pods-MarvelAPITests-frameworks-${CONFIGURATION}-input-files.xcfilelist",
			);
			name = "[CP] Embed Pods Frameworks";
			outputFileListPaths = (
				"${PODS_ROOT}/Target Support Files/Pods-MarvelAPITests/Pods-MarvelAPITests-frameworks-${CONFIGURATION}-output-files.xcfilelist",
			);
			runOnlyForDeploymentPostprocessing = 0;
			shellPath = /bin/sh;
			shellScript = "\"${PODS_ROOT}/Target Support Files/Pods-MarvelAPITests/Pods-MarvelAPITests-frameworks.sh\"\n";
			showEnvVarsInLog = 0;
		};
		9ED35A5682AF31103A466EC5 /* [CP] Check Pods Manifest.lock */ = {
			isa = PBXShellScriptBuildPhase;
			buildActionMask = 2147483647;
			files = (
			);
			inputFileListPaths = (
			);
			inputPaths = (
				"${PODS_PODFILE_DIR_PATH}/Podfile.lock",
				"${PODS_ROOT}/Manifest.lock",
			);
			name = "[CP] Check Pods Manifest.lock";
			outputFileListPaths = (
			);
			outputPaths = (
				"$(DERIVED_FILE_DIR)/Pods-MarvelAPI-checkManifestLockResult.txt",
			);
			runOnlyForDeploymentPostprocessing = 0;
			shellPath = /bin/sh;
			shellScript = "diff \"${PODS_PODFILE_DIR_PATH}/Podfile.lock\" \"${PODS_ROOT}/Manifest.lock\" > /dev/null\nif [ $? != 0 ] ; then\n    # print error to STDERR\n    echo \"error: The sandbox is not in sync with the Podfile.lock. Run 'pod install' or update your CocoaPods installation.\" >&2\n    exit 1\nfi\n# This output is used by Xcode 'outputs' to avoid re-running this script phase.\necho \"SUCCESS\" > \"${SCRIPT_OUTPUT_FILE_0}\"\n";
			showEnvVarsInLog = 0;
		};
		A69C2F9A558E77319828F6FE /* [CP] Check Pods Manifest.lock */ = {
			isa = PBXShellScriptBuildPhase;
			buildActionMask = 2147483647;
			files = (
			);
			inputFileListPaths = (
			);
			inputPaths = (
				"${PODS_PODFILE_DIR_PATH}/Podfile.lock",
				"${PODS_ROOT}/Manifest.lock",
			);
			name = "[CP] Check Pods Manifest.lock";
			outputFileListPaths = (
			);
			outputPaths = (
				"$(DERIVED_FILE_DIR)/Pods-MarvelAPITests-checkManifestLockResult.txt",
			);
			runOnlyForDeploymentPostprocessing = 0;
			shellPath = /bin/sh;
			shellScript = "diff \"${PODS_PODFILE_DIR_PATH}/Podfile.lock\" \"${PODS_ROOT}/Manifest.lock\" > /dev/null\nif [ $? != 0 ] ; then\n    # print error to STDERR\n    echo \"error: The sandbox is not in sync with the Podfile.lock. Run 'pod install' or update your CocoaPods installation.\" >&2\n    exit 1\nfi\n# This output is used by Xcode 'outputs' to avoid re-running this script phase.\necho \"SUCCESS\" > \"${SCRIPT_OUTPUT_FILE_0}\"\n";
			showEnvVarsInLog = 0;
		};
		CE37EEC97088138AF667E85E /* [CP] Embed Pods Frameworks */ = {
			isa = PBXShellScriptBuildPhase;
			buildActionMask = 2147483647;
			files = (
			);
			inputFileListPaths = (
				"${PODS_ROOT}/Target Support Files/Pods-MarvelAPI/Pods-MarvelAPI-frameworks-${CONFIGURATION}-input-files.xcfilelist",
			);
			name = "[CP] Embed Pods Frameworks";
			outputFileListPaths = (
				"${PODS_ROOT}/Target Support Files/Pods-MarvelAPI/Pods-MarvelAPI-frameworks-${CONFIGURATION}-output-files.xcfilelist",
			);
			runOnlyForDeploymentPostprocessing = 0;
			shellPath = /bin/sh;
			shellScript = "\"${PODS_ROOT}/Target Support Files/Pods-MarvelAPI/Pods-MarvelAPI-frameworks.sh\"\n";
			showEnvVarsInLog = 0;
		};
/* End PBXShellScriptBuildPhase section */

/* Begin PBXSourcesBuildPhase section */
		EBAC281C2709BA85002253C8 /* Sources */ = {
			isa = PBXSourcesBuildPhase;
			buildActionMask = 2147483647;
			files = (
				EB6161C22709CB440080880A /* CharactersViewModel.swift in Sources */,
				EB648B57270AE5BD0031196B /* CharacterDetailViewModel.swift in Sources */,
				EB6161D32709D43C0080880A /* CharacterTableViewCell.swift in Sources */,
				EB6161B92709C72B0080880A /* AFWrapper+Extensions.swift in Sources */,
				EBAC28282709BA85002253C8 /* CharactersTableViewController.swift in Sources */,
				EB6161C42709CCAE0080880A /* ApiGetCharactersProtocol.swift in Sources */,
				EB648B5D270AECBA0031196B /* ApiCharacterDetailProtocol.swift in Sources */,
				EB6161C62709CDAE0080880A /* ApiCharacters.swift in Sources */,
				EB6161C82709CDCF0080880A /* ApiCharacter.swift in Sources */,
				EB99F79C270ADFE000EB1E2F /* UILocalizableLabel.swift in Sources */,
				EB6161CB2709CE570080880A /* ApiCharactersService.swift in Sources */,
				EB648B59270AEAA60031196B /* UIImageView+Extensions.swift in Sources */,
				EB648B5B270AEC2C0031196B /* ApiCharacterDetailService.swift in Sources */,
				EB6161C02709C88E0080880A /* Configuration.swift in Sources */,
				EB6161D12709D3ED0080880A /* CharacterDetailViewController.swift in Sources */,
				EBAC28242709BA85002253C8 /* AppDelegate.swift in Sources */,
				EB6161B62709C2BE0080880A /* AFWrapper.swift in Sources */,
				EB6161D92709EF360080880A /* String+Extensions.swift in Sources */,
				EB6161D72709DB3F0080880A /* UIViewController+Extensions.swift in Sources */,
				EB6161D52709D5BC0080880A /* TableViewCell+Extensions.swift in Sources */,
				EBAC28262709BA85002253C8 /* SceneDelegate.swift in Sources */,
				EB6161BE2709C82B0080880A /* Constants.swift in Sources */,
			);
			runOnlyForDeploymentPostprocessing = 0;
		};
		EBAC28322709BA86002253C8 /* Sources */ = {
			isa = PBXSourcesBuildPhase;
			buildActionMask = 2147483647;
			files = (
				EB9B9CB6270B6DE90084901E /* CharactersVMTests.swift in Sources */,
				EBAC283B2709BA86002253C8 /* CharactersTVCTests.swift in Sources */,
				EB9B9CB9270B79F50084901E /* MockApiServices.swift in Sources */,
			);
			runOnlyForDeploymentPostprocessing = 0;
		};
		EBAC283C2709BA86002253C8 /* Sources */ = {
			isa = PBXSourcesBuildPhase;
			buildActionMask = 2147483647;
			files = (
				EBAC28472709BA86002253C8 /* MarvelAPIUITestsLaunchTests.swift in Sources */,
				EBAC28452709BA86002253C8 /* MarvelAPIUITests.swift in Sources */,
			);
			runOnlyForDeploymentPostprocessing = 0;
		};
/* End PBXSourcesBuildPhase section */

/* Begin PBXTargetDependency section */
		EBAC28382709BA86002253C8 /* PBXTargetDependency */ = {
			isa = PBXTargetDependency;
			target = EBAC281F2709BA85002253C8 /* MarvelAPI */;
			targetProxy = EBAC28372709BA86002253C8 /* PBXContainerItemProxy */;
		};
		EBAC28422709BA86002253C8 /* PBXTargetDependency */ = {
			isa = PBXTargetDependency;
			target = EBAC281F2709BA85002253C8 /* MarvelAPI */;
			targetProxy = EBAC28412709BA86002253C8 /* PBXContainerItemProxy */;
		};
/* End PBXTargetDependency section */

/* Begin PBXVariantGroup section */
		EB9B9CBC270B7BE40084901E /* Localizable.strings */ = {
			isa = PBXVariantGroup;
			children = (
				EB9B9CBB270B7BE40084901E /* en */,
			);
			name = Localizable.strings;
			sourceTree = "<group>";
		};
		EBAC28292709BA85002253C8 /* Main.storyboard */ = {
			isa = PBXVariantGroup;
			children = (
				EBAC282A2709BA85002253C8 /* Base */,
			);
			name = Main.storyboard;
			sourceTree = "<group>";
		};
		EBAC282E2709BA86002253C8 /* LaunchScreen.storyboard */ = {
			isa = PBXVariantGroup;
			children = (
				EBAC282F2709BA86002253C8 /* Base */,
			);
			name = LaunchScreen.storyboard;
			sourceTree = "<group>";
		};
/* End PBXVariantGroup section */

/* Begin XCBuildConfiguration section */
		EBAC28482709BA86002253C8 /* Debug */ = {
			isa = XCBuildConfiguration;
			buildSettings = {
				ALWAYS_SEARCH_USER_PATHS = NO;
				CLANG_ANALYZER_NONNULL = YES;
				CLANG_ANALYZER_NUMBER_OBJECT_CONVERSION = YES_AGGRESSIVE;
				CLANG_CXX_LANGUAGE_STANDARD = "gnu++17";
				CLANG_CXX_LIBRARY = "libc++";
				CLANG_ENABLE_MODULES = YES;
				CLANG_ENABLE_OBJC_ARC = YES;
				CLANG_ENABLE_OBJC_WEAK = YES;
				CLANG_WARN_BLOCK_CAPTURE_AUTORELEASING = YES;
				CLANG_WARN_BOOL_CONVERSION = YES;
				CLANG_WARN_COMMA = YES;
				CLANG_WARN_CONSTANT_CONVERSION = YES;
				CLANG_WARN_DEPRECATED_OBJC_IMPLEMENTATIONS = YES;
				CLANG_WARN_DIRECT_OBJC_ISA_USAGE = YES_ERROR;
				CLANG_WARN_DOCUMENTATION_COMMENTS = YES;
				CLANG_WARN_EMPTY_BODY = YES;
				CLANG_WARN_ENUM_CONVERSION = YES;
				CLANG_WARN_INFINITE_RECURSION = YES;
				CLANG_WARN_INT_CONVERSION = YES;
				CLANG_WARN_NON_LITERAL_NULL_CONVERSION = YES;
				CLANG_WARN_OBJC_IMPLICIT_RETAIN_SELF = YES;
				CLANG_WARN_OBJC_LITERAL_CONVERSION = YES;
				CLANG_WARN_OBJC_ROOT_CLASS = YES_ERROR;
				CLANG_WARN_QUOTED_INCLUDE_IN_FRAMEWORK_HEADER = YES;
				CLANG_WARN_RANGE_LOOP_ANALYSIS = YES;
				CLANG_WARN_STRICT_PROTOTYPES = YES;
				CLANG_WARN_SUSPICIOUS_MOVE = YES;
				CLANG_WARN_UNGUARDED_AVAILABILITY = YES_AGGRESSIVE;
				CLANG_WARN_UNREACHABLE_CODE = YES;
				CLANG_WARN__DUPLICATE_METHOD_MATCH = YES;
				COPY_PHASE_STRIP = NO;
				DEBUG_INFORMATION_FORMAT = dwarf;
				ENABLE_STRICT_OBJC_MSGSEND = YES;
				ENABLE_TESTABILITY = YES;
				GCC_C_LANGUAGE_STANDARD = gnu11;
				GCC_DYNAMIC_NO_PIC = NO;
				GCC_NO_COMMON_BLOCKS = YES;
				GCC_OPTIMIZATION_LEVEL = 0;
				GCC_PREPROCESSOR_DEFINITIONS = (
					"DEBUG=1",
					"$(inherited)",
				);
				GCC_WARN_64_TO_32_BIT_CONVERSION = YES;
				GCC_WARN_ABOUT_RETURN_TYPE = YES_ERROR;
				GCC_WARN_UNDECLARED_SELECTOR = YES;
				GCC_WARN_UNINITIALIZED_AUTOS = YES_AGGRESSIVE;
				GCC_WARN_UNUSED_FUNCTION = YES;
				GCC_WARN_UNUSED_VARIABLE = YES;
				IPHONEOS_DEPLOYMENT_TARGET = 15.0;
				MTL_ENABLE_DEBUG_INFO = INCLUDE_SOURCE;
				MTL_FAST_MATH = YES;
				ONLY_ACTIVE_ARCH = YES;
				SDKROOT = iphoneos;
				SWIFT_ACTIVE_COMPILATION_CONDITIONS = DEBUG;
				SWIFT_OPTIMIZATION_LEVEL = "-Onone";
			};
			name = Debug;
		};
		EBAC28492709BA86002253C8 /* Release */ = {
			isa = XCBuildConfiguration;
			buildSettings = {
				ALWAYS_SEARCH_USER_PATHS = NO;
				CLANG_ANALYZER_NONNULL = YES;
				CLANG_ANALYZER_NUMBER_OBJECT_CONVERSION = YES_AGGRESSIVE;
				CLANG_CXX_LANGUAGE_STANDARD = "gnu++17";
				CLANG_CXX_LIBRARY = "libc++";
				CLANG_ENABLE_MODULES = YES;
				CLANG_ENABLE_OBJC_ARC = YES;
				CLANG_ENABLE_OBJC_WEAK = YES;
				CLANG_WARN_BLOCK_CAPTURE_AUTORELEASING = YES;
				CLANG_WARN_BOOL_CONVERSION = YES;
				CLANG_WARN_COMMA = YES;
				CLANG_WARN_CONSTANT_CONVERSION = YES;
				CLANG_WARN_DEPRECATED_OBJC_IMPLEMENTATIONS = YES;
				CLANG_WARN_DIRECT_OBJC_ISA_USAGE = YES_ERROR;
				CLANG_WARN_DOCUMENTATION_COMMENTS = YES;
				CLANG_WARN_EMPTY_BODY = YES;
				CLANG_WARN_ENUM_CONVERSION = YES;
				CLANG_WARN_INFINITE_RECURSION = YES;
				CLANG_WARN_INT_CONVERSION = YES;
				CLANG_WARN_NON_LITERAL_NULL_CONVERSION = YES;
				CLANG_WARN_OBJC_IMPLICIT_RETAIN_SELF = YES;
				CLANG_WARN_OBJC_LITERAL_CONVERSION = YES;
				CLANG_WARN_OBJC_ROOT_CLASS = YES_ERROR;
				CLANG_WARN_QUOTED_INCLUDE_IN_FRAMEWORK_HEADER = YES;
				CLANG_WARN_RANGE_LOOP_ANALYSIS = YES;
				CLANG_WARN_STRICT_PROTOTYPES = YES;
				CLANG_WARN_SUSPICIOUS_MOVE = YES;
				CLANG_WARN_UNGUARDED_AVAILABILITY = YES_AGGRESSIVE;
				CLANG_WARN_UNREACHABLE_CODE = YES;
				CLANG_WARN__DUPLICATE_METHOD_MATCH = YES;
				COPY_PHASE_STRIP = NO;
				DEBUG_INFORMATION_FORMAT = "dwarf-with-dsym";
				ENABLE_NS_ASSERTIONS = NO;
				ENABLE_STRICT_OBJC_MSGSEND = YES;
				GCC_C_LANGUAGE_STANDARD = gnu11;
				GCC_NO_COMMON_BLOCKS = YES;
				GCC_WARN_64_TO_32_BIT_CONVERSION = YES;
				GCC_WARN_ABOUT_RETURN_TYPE = YES_ERROR;
				GCC_WARN_UNDECLARED_SELECTOR = YES;
				GCC_WARN_UNINITIALIZED_AUTOS = YES_AGGRESSIVE;
				GCC_WARN_UNUSED_FUNCTION = YES;
				GCC_WARN_UNUSED_VARIABLE = YES;
				IPHONEOS_DEPLOYMENT_TARGET = 15.0;
				MTL_ENABLE_DEBUG_INFO = NO;
				MTL_FAST_MATH = YES;
				SDKROOT = iphoneos;
				SWIFT_COMPILATION_MODE = wholemodule;
				SWIFT_OPTIMIZATION_LEVEL = "-O";
				VALIDATE_PRODUCT = YES;
			};
			name = Release;
		};
		EBAC284B2709BA86002253C8 /* Debug */ = {
			isa = XCBuildConfiguration;
			baseConfigurationReference = 93E369E94685C0E1E018BBE2 /* Pods-MarvelAPI.debug.xcconfig */;
			buildSettings = {
				ASSETCATALOG_COMPILER_APPICON_NAME = AppIcon;
				ASSETCATALOG_COMPILER_GLOBAL_ACCENT_COLOR_NAME = AccentColor;
				CODE_SIGN_STYLE = Automatic;
				CURRENT_PROJECT_VERSION = 1;
				DEVELOPMENT_TEAM = 4MSCL4K4UY;
				GENERATE_INFOPLIST_FILE = YES;
				INFOPLIST_FILE = MarvelAPI/Info.plist;
				INFOPLIST_KEY_UIApplicationSupportsIndirectInputEvents = YES;
				INFOPLIST_KEY_UILaunchStoryboardName = LaunchScreen;
				INFOPLIST_KEY_UIMainStoryboardFile = Main;
				INFOPLIST_KEY_UISupportedInterfaceOrientations = "";
				INFOPLIST_KEY_UISupportedInterfaceOrientations_iPad = "UIInterfaceOrientationPortrait UIInterfaceOrientationPortraitUpsideDown UIInterfaceOrientationLandscapeLeft UIInterfaceOrientationLandscapeRight";
				INFOPLIST_KEY_UISupportedInterfaceOrientations_iPhone = "UIInterfaceOrientationPortrait UIInterfaceOrientationLandscapeLeft UIInterfaceOrientationLandscapeRight";
				IPHONEOS_DEPLOYMENT_TARGET = 14.0;
				LD_RUNPATH_SEARCH_PATHS = (
					"$(inherited)",
					"@executable_path/Frameworks",
				);
				MARKETING_VERSION = 1.0;
				PRODUCT_BUNDLE_IDENTIFIER = com.arivero.MarvelAPI;
				PRODUCT_NAME = "$(TARGET_NAME)";
				SWIFT_EMIT_LOC_STRINGS = YES;
				SWIFT_VERSION = 5.0;
				TARGETED_DEVICE_FAMILY = "1,2";
			};
			name = Debug;
		};
		EBAC284C2709BA86002253C8 /* Release */ = {
			isa = XCBuildConfiguration;
			baseConfigurationReference = DA28F64B6BD015ADE80ADD44 /* Pods-MarvelAPI.release.xcconfig */;
			buildSettings = {
				ASSETCATALOG_COMPILER_APPICON_NAME = AppIcon;
				ASSETCATALOG_COMPILER_GLOBAL_ACCENT_COLOR_NAME = AccentColor;
				CODE_SIGN_STYLE = Automatic;
				CURRENT_PROJECT_VERSION = 1;
				DEVELOPMENT_TEAM = 4MSCL4K4UY;
				GENERATE_INFOPLIST_FILE = YES;
				INFOPLIST_FILE = MarvelAPI/Info.plist;
				INFOPLIST_KEY_UIApplicationSupportsIndirectInputEvents = YES;
				INFOPLIST_KEY_UILaunchStoryboardName = LaunchScreen;
				INFOPLIST_KEY_UIMainStoryboardFile = Main;
				INFOPLIST_KEY_UISupportedInterfaceOrientations = "";
				INFOPLIST_KEY_UISupportedInterfaceOrientations_iPad = "UIInterfaceOrientationPortrait UIInterfaceOrientationPortraitUpsideDown UIInterfaceOrientationLandscapeLeft UIInterfaceOrientationLandscapeRight";
				INFOPLIST_KEY_UISupportedInterfaceOrientations_iPhone = "UIInterfaceOrientationPortrait UIInterfaceOrientationLandscapeLeft UIInterfaceOrientationLandscapeRight";
				IPHONEOS_DEPLOYMENT_TARGET = 14.0;
				LD_RUNPATH_SEARCH_PATHS = (
					"$(inherited)",
					"@executable_path/Frameworks",
				);
				MARKETING_VERSION = 1.0;
				PRODUCT_BUNDLE_IDENTIFIER = com.arivero.MarvelAPI;
				PRODUCT_NAME = "$(TARGET_NAME)";
				SWIFT_EMIT_LOC_STRINGS = YES;
				SWIFT_VERSION = 5.0;
				TARGETED_DEVICE_FAMILY = "1,2";
			};
			name = Release;
		};
		EBAC284E2709BA86002253C8 /* Debug */ = {
			isa = XCBuildConfiguration;
			baseConfigurationReference = 3FC59845349462885473F3B0 /* Pods-MarvelAPITests.debug.xcconfig */;
			buildSettings = {
				ALWAYS_EMBED_SWIFT_STANDARD_LIBRARIES = YES;
				BUNDLE_LOADER = "$(TEST_HOST)";
				CODE_SIGN_STYLE = Automatic;
				CURRENT_PROJECT_VERSION = 1;
				GENERATE_INFOPLIST_FILE = YES;
				IPHONEOS_DEPLOYMENT_TARGET = 15.0;
				LD_RUNPATH_SEARCH_PATHS = (
					"$(inherited)",
					"@executable_path/Frameworks",
					"@loader_path/Frameworks",
				);
				MARKETING_VERSION = 1.0;
				PRODUCT_BUNDLE_IDENTIFIER = com.arivero.MarvelAPITests;
				PRODUCT_NAME = "$(TARGET_NAME)";
				SWIFT_EMIT_LOC_STRINGS = NO;
				SWIFT_VERSION = 5.0;
				TARGETED_DEVICE_FAMILY = "1,2";
				TEST_HOST = "$(BUILT_PRODUCTS_DIR)/MarvelAPI.app/MarvelAPI";
			};
			name = Debug;
		};
		EBAC284F2709BA86002253C8 /* Release */ = {
			isa = XCBuildConfiguration;
			baseConfigurationReference = B2AA2123F2DE7815638540BE /* Pods-MarvelAPITests.release.xcconfig */;
			buildSettings = {
				ALWAYS_EMBED_SWIFT_STANDARD_LIBRARIES = YES;
				BUNDLE_LOADER = "$(TEST_HOST)";
				CODE_SIGN_STYLE = Automatic;
				CURRENT_PROJECT_VERSION = 1;
				GENERATE_INFOPLIST_FILE = YES;
				IPHONEOS_DEPLOYMENT_TARGET = 15.0;
				LD_RUNPATH_SEARCH_PATHS = (
					"$(inherited)",
					"@executable_path/Frameworks",
					"@loader_path/Frameworks",
				);
				MARKETING_VERSION = 1.0;
				PRODUCT_BUNDLE_IDENTIFIER = com.arivero.MarvelAPITests;
				PRODUCT_NAME = "$(TARGET_NAME)";
				SWIFT_EMIT_LOC_STRINGS = NO;
				SWIFT_VERSION = 5.0;
				TARGETED_DEVICE_FAMILY = "1,2";
				TEST_HOST = "$(BUILT_PRODUCTS_DIR)/MarvelAPI.app/MarvelAPI";
			};
			name = Release;
		};
		EBAC28512709BA86002253C8 /* Debug */ = {
			isa = XCBuildConfiguration;
			buildSettings = {
				ALWAYS_EMBED_SWIFT_STANDARD_LIBRARIES = YES;
				CODE_SIGN_STYLE = Automatic;
				CURRENT_PROJECT_VERSION = 1;
				GENERATE_INFOPLIST_FILE = YES;
				LD_RUNPATH_SEARCH_PATHS = (
					"$(inherited)",
					"@executable_path/Frameworks",
					"@loader_path/Frameworks",
				);
				MARKETING_VERSION = 1.0;
				PRODUCT_BUNDLE_IDENTIFIER = com.arivero.MarvelAPIUITests;
				PRODUCT_NAME = "$(TARGET_NAME)";
				SWIFT_EMIT_LOC_STRINGS = NO;
				SWIFT_VERSION = 5.0;
				TARGETED_DEVICE_FAMILY = "1,2";
				TEST_TARGET_NAME = MarvelAPI;
			};
			name = Debug;
		};
		EBAC28522709BA86002253C8 /* Release */ = {
			isa = XCBuildConfiguration;
			buildSettings = {
				ALWAYS_EMBED_SWIFT_STANDARD_LIBRARIES = YES;
				CODE_SIGN_STYLE = Automatic;
				CURRENT_PROJECT_VERSION = 1;
				GENERATE_INFOPLIST_FILE = YES;
				LD_RUNPATH_SEARCH_PATHS = (
					"$(inherited)",
					"@executable_path/Frameworks",
					"@loader_path/Frameworks",
				);
				MARKETING_VERSION = 1.0;
				PRODUCT_BUNDLE_IDENTIFIER = com.arivero.MarvelAPIUITests;
				PRODUCT_NAME = "$(TARGET_NAME)";
				SWIFT_EMIT_LOC_STRINGS = NO;
				SWIFT_VERSION = 5.0;
				TARGETED_DEVICE_FAMILY = "1,2";
				TEST_TARGET_NAME = MarvelAPI;
			};
			name = Release;
		};
/* End XCBuildConfiguration section */

/* Begin XCConfigurationList section */
		EBAC281B2709BA85002253C8 /* Build configuration list for PBXProject "MarvelAPI" */ = {
			isa = XCConfigurationList;
			buildConfigurations = (
				EBAC28482709BA86002253C8 /* Debug */,
				EBAC28492709BA86002253C8 /* Release */,
			);
			defaultConfigurationIsVisible = 0;
			defaultConfigurationName = Release;
		};
		EBAC284A2709BA86002253C8 /* Build configuration list for PBXNativeTarget "MarvelAPI" */ = {
			isa = XCConfigurationList;
			buildConfigurations = (
				EBAC284B2709BA86002253C8 /* Debug */,
				EBAC284C2709BA86002253C8 /* Release */,
			);
			defaultConfigurationIsVisible = 0;
			defaultConfigurationName = Release;
		};
		EBAC284D2709BA86002253C8 /* Build configuration list for PBXNativeTarget "MarvelAPITests" */ = {
			isa = XCConfigurationList;
			buildConfigurations = (
				EBAC284E2709BA86002253C8 /* Debug */,
				EBAC284F2709BA86002253C8 /* Release */,
			);
			defaultConfigurationIsVisible = 0;
			defaultConfigurationName = Release;
		};
		EBAC28502709BA86002253C8 /* Build configuration list for PBXNativeTarget "MarvelAPIUITests" */ = {
			isa = XCConfigurationList;
			buildConfigurations = (
				EBAC28512709BA86002253C8 /* Debug */,
				EBAC28522709BA86002253C8 /* Release */,
			);
			defaultConfigurationIsVisible = 0;
			defaultConfigurationName = Release;
		};
/* End XCConfigurationList section */

/* Begin XCRemoteSwiftPackageReference section */
		EB6161B22709C2A70080880A /* XCRemoteSwiftPackageReference "Alamofire" */ = {
			isa = XCRemoteSwiftPackageReference;
			repositoryURL = "https://github.com/Alamofire/Alamofire.git";
			requirement = {
				kind = upToNextMajorVersion;
				minimumVersion = 5.0.0;
			};
		};
/* End XCRemoteSwiftPackageReference section */

/* Begin XCSwiftPackageProductDependency section */
		EB6161B32709C2A70080880A /* Alamofire */ = {
			isa = XCSwiftPackageProductDependency;
			package = EB6161B22709C2A70080880A /* XCRemoteSwiftPackageReference "Alamofire" */;
			productName = Alamofire;
		};
/* End XCSwiftPackageProductDependency section */
	};
	rootObject = EBAC28182709BA85002253C8 /* Project object */;
}
